// !$*UTF8*$!
{
	archiveVersion = 1;
	classes = {
	};
	objectVersion = 46;
	objects = {

/* Begin PBXBuildFile section */
		D67AF0DD1EF8BF49006B67BF /* DataModel.swift in Sources */ = {isa = PBXBuildFile; fileRef = D67AF0DC1EF8BF49006B67BF /* DataModel.swift */; };
		D6E78FD81EF89D8300E97F99 /* HeaderTableViewCell.swift in Sources */ = {isa = PBXBuildFile; fileRef = D6E78FD71EF89D8300E97F99 /* HeaderTableViewCell.swift */; };
		D6E78FDA1EF89D8F00E97F99 /* PersonTableViewCell.swift in Sources */ = {isa = PBXBuildFile; fileRef = D6E78FD91EF89D8F00E97F99 /* PersonTableViewCell.swift */; };
		D6F200091EF88D2000A82F04 /* AppDelegate.swift in Sources */ = {isa = PBXBuildFile; fileRef = D6F200081EF88D2000A82F04 /* AppDelegate.swift */; };
		D6F2000B1EF88D2000A82F04 /* ContactsViewController.swift in Sources */ = {isa = PBXBuildFile; fileRef = D6F2000A1EF88D2000A82F04 /* ContactsViewController.swift */; };
		D6F2000E1EF88D2000A82F04 /* Main.storyboard in Resources */ = {isa = PBXBuildFile; fileRef = D6F2000C1EF88D2000A82F04 /* Main.storyboard */; };
		D6F200101EF88D2000A82F04 /* Assets.xcassets in Resources */ = {isa = PBXBuildFile; fileRef = D6F2000F1EF88D2000A82F04 /* Assets.xcassets */; };
		D6F200131EF88D2000A82F04 /* LaunchScreen.storyboard in Resources */ = {isa = PBXBuildFile; fileRef = D6F200111EF88D2000A82F04 /* LaunchScreen.storyboard */; };
		D6FDBCA81EF8A2F900D211C1 /* InfoCardViewController.swift in Sources */ = {isa = PBXBuildFile; fileRef = D6FDBCA71EF8A2F900D211C1 /* InfoCardViewController.swift */; };
		D6FDBCAA1EF8BDD700D211C1 /* InfoCardTableViewCell.swift in Sources */ = {isa = PBXBuildFile; fileRef = D6FDBCA91EF8BDD700D211C1 /* InfoCardTableViewCell.swift */; };
/* End PBXBuildFile section */

/* Begin PBXFileReference section */
		D67AF0DC1EF8BF49006B67BF /* DataModel.swift */ = {isa = PBXFileReference; fileEncoding = 4; lastKnownFileType = sourcecode.swift; path = DataModel.swift; sourceTree = "<group>"; };
		D6E78FD71EF89D8300E97F99 /* HeaderTableViewCell.swift */ = {isa = PBXFileReference; fileEncoding = 4; lastKnownFileType = sourcecode.swift; path = HeaderTableViewCell.swift; sourceTree = "<group>"; };
		D6E78FD91EF89D8F00E97F99 /* PersonTableViewCell.swift */ = {isa = PBXFileReference; fileEncoding = 4; lastKnownFileType = sourcecode.swift; path = PersonTableViewCell.swift; sourceTree = "<group>"; };
		D6F200051EF88D2000A82F04 /* Contacts.app */ = {isa = PBXFileReference; explicitFileType = wrapper.application; includeInIndex = 0; path = Contacts.app; sourceTree = BUILT_PRODUCTS_DIR; };
		D6F200081EF88D2000A82F04 /* AppDelegate.swift */ = {isa = PBXFileReference; lastKnownFileType = sourcecode.swift; path = AppDelegate.swift; sourceTree = "<group>"; };
		D6F2000A1EF88D2000A82F04 /* ContactsViewController.swift */ = {isa = PBXFileReference; lastKnownFileType = sourcecode.swift; path = ContactsViewController.swift; sourceTree = "<group>"; };
		D6F2000D1EF88D2000A82F04 /* Base */ = {isa = PBXFileReference; lastKnownFileType = file.storyboard; name = Base; path = Base.lproj/Main.storyboard; sourceTree = "<group>"; };
		D6F2000F1EF88D2000A82F04 /* Assets.xcassets */ = {isa = PBXFileReference; lastKnownFileType = folder.assetcatalog; path = Assets.xcassets; sourceTree = "<group>"; };
		D6F200121EF88D2000A82F04 /* Base */ = {isa = PBXFileReference; lastKnownFileType = file.storyboard; name = Base; path = Base.lproj/LaunchScreen.storyboard; sourceTree = "<group>"; };
		D6F200141EF88D2000A82F04 /* Info.plist */ = {isa = PBXFileReference; lastKnownFileType = text.plist.xml; path = Info.plist; sourceTree = "<group>"; };
		D6FDBCA71EF8A2F900D211C1 /* InfoCardViewController.swift */ = {isa = PBXFileReference; fileEncoding = 4; lastKnownFileType = sourcecode.swift; path = InfoCardViewController.swift; sourceTree = "<group>"; };
		D6FDBCA91EF8BDD700D211C1 /* InfoCardTableViewCell.swift */ = {isa = PBXFileReference; fileEncoding = 4; lastKnownFileType = sourcecode.swift; path = InfoCardTableViewCell.swift; sourceTree = "<group>"; };
/* End PBXFileReference section */

/* Begin PBXFrameworksBuildPhase section */
		D6F200021EF88D2000A82F04 /* Frameworks */ = {
			isa = PBXFrameworksBuildPhase;
			buildActionMask = 2147483647;
			files = (
			);
			runOnlyForDeploymentPostprocessing = 0;
		};
/* End PBXFrameworksBuildPhase section */

/* Begin PBXGroup section */
		D6F200061EF88D2000A82F04 /* Products */ = {
			isa = PBXGroup;
			children = (
				D6F200051EF88D2000A82F04 /* Contacts.app */,
			);
			name = Products;
			sourceTree = "<group>";
		};
		D6F200071EF88D2000A82F04 /* Contacts */ = {
			isa = PBXGroup;
			children = (
				D6F200081EF88D2000A82F04 /* AppDelegate.swift */,
				D6FDBCA71EF8A2F900D211C1 /* InfoCardViewController.swift */,
				D6F2000A1EF88D2000A82F04 /* ContactsViewController.swift */,
				D6E78FD71EF89D8300E97F99 /* HeaderTableViewCell.swift */,
				D6E78FD91EF89D8F00E97F99 /* PersonTableViewCell.swift */,
				D6FDBCA91EF8BDD700D211C1 /* InfoCardTableViewCell.swift */,
				D67AF0DC1EF8BF49006B67BF /* DataModel.swift */,
				D6F2000C1EF88D2000A82F04 /* Main.storyboard */,
				D6F200111EF88D2000A82F04 /* LaunchScreen.storyboard */,
				D6F2000F1EF88D2000A82F04 /* Assets.xcassets */,
				D6F200141EF88D2000A82F04 /* Info.plist */,
			);
			path = Contacts;
			sourceTree = "<group>";
		};
		D6F2FFFC1EF88D2000A82F04 = {
			isa = PBXGroup;
			children = (
				D6F200071EF88D2000A82F04 /* Contacts */,
				D6F200061EF88D2000A82F04 /* Products */,
			);
			sourceTree = "<group>";
		};
/* End PBXGroup section */

/* Begin PBXNativeTarget section */
		D6F200041EF88D2000A82F04 /* Contacts */ = {
			isa = PBXNativeTarget;
			buildConfigurationList = D6F200171EF88D2000A82F04 /* Build configuration list for PBXNativeTarget "Contacts" */;
			buildPhases = (
				D6F200011EF88D2000A82F04 /* Sources */,
				D6F200021EF88D2000A82F04 /* Frameworks */,
				D6F200031EF88D2000A82F04 /* Resources */,
			);
			buildRules = (
			);
			dependencies = (
			);
			name = Contacts;
			productName = Contacts;
			productReference = D6F200051EF88D2000A82F04 /* Contacts.app */;
			productType = "com.apple.product-type.application";
		};
/* End PBXNativeTarget section */

/* Begin PBXProject section */
		D6F2FFFD1EF88D2000A82F04 /* Project object */ = {
			isa = PBXProject;
			attributes = {
				LastSwiftUpdateCheck = 0830;
				LastUpgradeCheck = 0830;
				ORGANIZATIONNAME = "Ben Whitley";
				TargetAttributes = {
					D6F200041EF88D2000A82F04 = {
						CreatedOnToolsVersion = 8.3.3;
						DevelopmentTeam = 5A27VZVWQE;
						ProvisioningStyle = Automatic;
					};
				};
			};
			buildConfigurationList = D6F200001EF88D2000A82F04 /* Build configuration list for PBXProject "Contacts" */;
			compatibilityVersion = "Xcode 3.2";
			developmentRegion = English;
			hasScannedForEncodings = 0;
			knownRegions = (
				en,
				Base,
			);
			mainGroup = D6F2FFFC1EF88D2000A82F04;
			productRefGroup = D6F200061EF88D2000A82F04 /* Products */;
			projectDirPath = "";
			projectRoot = "";
			targets = (
				D6F200041EF88D2000A82F04 /* Contacts */,
			);
		};
/* End PBXProject section */

/* Begin PBXResourcesBuildPhase section */
		D6F200031EF88D2000A82F04 /* Resources */ = {
			isa = PBXResourcesBuildPhase;
			buildActionMask = 2147483647;
			files = (
				D6F200131EF88D2000A82F04 /* LaunchScreen.storyboard in Resources */,
				D6F200101EF88D2000A82F04 /* Assets.xcassets in Resources */,
				D6F2000E1EF88D2000A82F04 /* Main.storyboard in Resources */,
			);
			runOnlyForDeploymentPostprocessing = 0;
		};
/* End PBXResourcesBuildPhase section */

/* Begin PBXSourcesBuildPhase section */
		D6F200011EF88D2000A82F04 /* Sources */ = {
			isa = PBXSourcesBuildPhase;
			buildActionMask = 2147483647;
			files = (
				D67AF0DD1EF8BF49006B67BF /* DataModel.swift in Sources */,
				D6F2000B1EF88D2000A82F04 /* ContactsViewController.swift in Sources */,
				D6FDBCAA1EF8BDD700D211C1 /* InfoCardTableViewCell.swift in Sources */,
				D6E78FD81EF89D8300E97F99 /* HeaderTableViewCell.swift in Sources */,
				D6FDBCA81EF8A2F900D211C1 /* InfoCardViewController.swift in Sources */,
				D6E78FDA1EF89D8F00E97F99 /* PersonTableViewCell.swift in Sources */,
				D6F200091EF88D2000A82F04 /* AppDelegate.swift in Sources */,
			);
			runOnlyForDeploymentPostprocessing = 0;
		};
/* End PBXSourcesBuildPhase section */

/* Begin PBXVariantGroup section */
		D6F2000C1EF88D2000A82F04 /* Main.storyboard */ = {
			isa = PBXVariantGroup;
			children = (
				D6F2000D1EF88D2000A82F04 /* Base */,
			);
			name = Main.storyboard;
			sourceTree = "<group>";
		};
		D6F200111EF88D2000A82F04 /* LaunchScreen.storyboard */ = {
			isa = PBXVariantGroup;
			children = (
				D6F200121EF88D2000A82F04 /* Base */,
			);
			name = LaunchScreen.storyboard;
			sourceTree = "<group>";
		};
/* End PBXVariantGroup section */

/* Begin XCBuildConfiguration section */
		D6F200151EF88D2000A82F04 /* Debug */ = {
			isa = XCBuildConfiguration;
			buildSettings = {
				ALWAYS_SEARCH_USER_PATHS = NO;
				CLANG_ANALYZER_NONNULL = YES;
				CLANG_ANALYZER_NUMBER_OBJECT_CONVERSION = YES_AGGRESSIVE;
				CLANG_CXX_LANGUAGE_STANDARD = "gnu++0x";
				CLANG_CXX_LIBRARY = "libc++";
				CLANG_ENABLE_MODULES = YES;
				CLANG_ENABLE_OBJC_ARC = YES;
				CLANG_WARN_BOOL_CONVERSION = YES;
				CLANG_WARN_CONSTANT_CONVERSION = YES;
				CLANG_WARN_DIRECT_OBJC_ISA_USAGE = YES_ERROR;
				CLANG_WARN_DOCUMENTATION_COMMENTS = YES;
				CLANG_WARN_EMPTY_BODY = YES;
				CLANG_WARN_ENUM_CONVERSION = YES;
				CLANG_WARN_INFINITE_RECURSION = YES;
				CLANG_WARN_INT_CONVERSION = YES;
				CLANG_WARN_OBJC_ROOT_CLASS = YES_ERROR;
				CLANG_WARN_SUSPICIOUS_MOVE = YES;
				CLANG_WARN_UNREACHABLE_CODE = YES;
				CLANG_WARN__DUPLICATE_METHOD_MATCH = YES;
				"CODE_SIGN_IDENTITY[sdk=iphoneos*]" = "iPhone Developer";
				COPY_PHASE_STRIP = NO;
				DEBUG_INFORMATION_FORMAT = dwarf;
				ENABLE_STRICT_OBJC_MSGSEND = YES;
				ENABLE_TESTABILITY = YES;
				GCC_C_LANGUAGE_STANDARD = gnu99;
				GCC_DYNAMIC_NO_PIC = NO;
				GCC_NO_COMMON_BLOCKS = YES;
				GCC_OPTIMIZATION_LEVEL = 0;
				GCC_PREPROCESSOR_DEFINITIONS = (
					"DEBUG=1",
					"$(inherited)",
				);
				GCC_WARN_64_TO_32_BIT_CONVERSION = YES;
				GCC_WARN_ABOUT_RETURN_TYPE = YES_ERROR;
				GCC_WARN_UNDECLARED_SELECTOR = YES;
				GCC_WARN_UNINITIALIZED_AUTOS = YES_AGGRESSIVE;
				GCC_WARN_UNUSED_FUNCTION = YES;
				GCC_WARN_UNUSED_VARIABLE = YES;
				IPHONEOS_DEPLOYMENT_TARGET = 10.3;
				MTL_ENABLE_DEBUG_INFO = YES;
				ONLY_ACTIVE_ARCH = YES;
				SDKROOT = iphoneos;
				SWIFT_ACTIVE_COMPILATION_CONDITIONS = DEBUG;
				SWIFT_OPTIMIZATION_LEVEL = "-Onone";
				TARGETED_DEVICE_FAMILY = "1,2";
			};
			name = Debug;
		};
		D6F200161EF88D2000A82F04 /* Release */ = {
			isa = XCBuildConfiguration;
			buildSettings = {
				ALWAYS_SEARCH_USER_PATHS = NO;
				CLANG_ANALYZER_NONNULL = YES;
				CLANG_ANALYZER_NUMBER_OBJECT_CONVERSION = YES_AGGRESSIVE;
				CLANG_CXX_LANGUAGE_STANDARD = "gnu++0x";
				CLANG_CXX_LIBRARY = "libc++";
				CLANG_ENABLE_MODULES = YES;
				CLANG_ENABLE_OBJC_ARC = YES;
				CLANG_WARN_BOOL_CONVERSION = YES;
				CLANG_WARN_CONSTANT_CONVERSION = YES;
				CLANG_WARN_DIRECT_OBJC_ISA_USAGE = YES_ERROR;
				CLANG_WARN_DOCUMENTATION_COMMENTS = YES;
				CLANG_WARN_EMPTY_BODY = YES;
				CLANG_WARN_ENUM_CONVERSION = YES;
				CLANG_WARN_INFINITE_RECURSION = YES;
				CLANG_WARN_INT_CONVERSION = YES;
				CLANG_WARN_OBJC_ROOT_CLASS = YES_ERROR;
				CLANG_WARN_SUSPICIOUS_MOVE = YES;
				CLANG_WARN_UNREACHABLE_CODE = YES;
				CLANG_WARN__DUPLICATE_METHOD_MATCH = YES;
				"CODE_SIGN_IDENTITY[sdk=iphoneos*]" = "iPhone Developer";
				COPY_PHASE_STRIP = NO;
				DEBUG_INFORMATION_FORMAT = "dwarf-with-dsym";
				ENABLE_NS_ASSERTIONS = NO;
				ENABLE_STRICT_OBJC_MSGSEND = YES;
				GCC_C_LANGUAGE_STANDARD = gnu99;
				GCC_NO_COMMON_BLOCKS = YES;
				GCC_WARN_64_TO_32_BIT_CONVERSION = YES;
				GCC_WARN_ABOUT_RETURN_TYPE = YES_ERROR;
				GCC_WARN_UNDECLARED_SELECTOR = YES;
				GCC_WARN_UNINITIALIZED_AUTOS = YES_AGGRESSIVE;
				GCC_WARN_UNUSED_FUNCTION = YES;
				GCC_WARN_UNUSED_VARIABLE = YES;
				IPHONEOS_DEPLOYMENT_TARGET = 10.3;
				MTL_ENABLE_DEBUG_INFO = NO;
				SDKROOT = iphoneos;
				SWIFT_OPTIMIZATION_LEVEL = "-Owholemodule";
				TARGETED_DEVICE_FAMILY = "1,2";
				VALIDATE_PRODUCT = YES;
			};
			name = Release;
		};
		D6F200181EF88D2000A82F04 /* Debug */ = {
			isa = XCBuildConfiguration;
			buildSettings = {
				ASSETCATALOG_COMPILER_APPICON_NAME = AppIcon;
				DEVELOPMENT_TEAM = 5A27VZVWQE;
				INFOPLIST_FILE = Contacts/Info.plist;
				LD_RUNPATH_SEARCH_PATHS = "$(inherited) @executable_path/Frameworks";
				PRODUCT_BUNDLE_IDENTIFIER = "Ben-Whitley.Contacts";
				PRODUCT_NAME = "$(TARGET_NAME)";
				SWIFT_VERSION = 3.0;
			};
			name = Debug;
		};
		D6F200191EF88D2000A82F04 /* Release */ = {
			isa = XCBuildConfiguration;
			buildSettings = {
				ASSETCATALOG_COMPILER_APPICON_NAME = AppIcon;
				DEVELOPMENT_TEAM = 5A27VZVWQE;
				INFOPLIST_FILE = Contacts/Info.plist;
				LD_RUNPATH_SEARCH_PATHS = "$(inherited) @executable_path/Frameworks";
				PRODUCT_BUNDLE_IDENTIFIER = "Ben-Whitley.Contacts";
				PRODUCT_NAME = "$(TARGET_NAME)";
				SWIFT_VERSION = 3.0;
			};
			name = Release;
		};
/* End XCBuildConfiguration section */

/* Begin XCConfigurationList section */
		D6F200001EF88D2000A82F04 /* Build configuration list for PBXProject "Contacts" */ = {
			isa = XCConfigurationList;
			buildConfigurations = (
				D6F200151EF88D2000A82F04 /* Debug */,
				D6F200161EF88D2000A82F04 /* Release */,
			);
			defaultConfigurationIsVisible = 0;
			defaultConfigurationName = Release;
		};
		D6F200171EF88D2000A82F04 /* Build configuration list for PBXNativeTarget "Contacts" */ = {
			isa = XCConfigurationList;
			buildConfigurations = (
				D6F200181EF88D2000A82F04 /* Debug */,
				D6F200191EF88D2000A82F04 /* Release */,
			);
			defaultConfigurationIsVisible = 0;
			defaultConfigurationName = Release;
		};
/* End XCConfigurationList section */
	};
	rootObject = D6F2FFFD1EF88D2000A82F04 /* Project object */;
}
