// !$*UTF8*$!
{
	archiveVersion = 1;
	classes = {
	};
	objectVersion = 46;
	objects = {

/* Begin PBXBuildFile section */
		D67AF0EB1EF96EE3006B67BF /* AppDelegate.swift in Sources */ = {isa = PBXBuildFile; fileRef = D67AF0EA1EF96EE3006B67BF /* AppDelegate.swift */; };
		D67AF0ED1EF96EE3006B67BF /* ViewController.swift in Sources */ = {isa = PBXBuildFile; fileRef = D67AF0EC1EF96EE3006B67BF /* ViewController.swift */; };
		D67AF0F01EF96EE3006B67BF /* Main.storyboard in Resources */ = {isa = PBXBuildFile; fileRef = D67AF0EE1EF96EE3006B67BF /* Main.storyboard */; };
		D67AF0F21EF96EE3006B67BF /* Assets.xcassets in Resources */ = {isa = PBXBuildFile; fileRef = D67AF0F11EF96EE3006B67BF /* Assets.xcassets */; };
		D67AF0F51EF96EE3006B67BF /* LaunchScreen.storyboard in Resources */ = {isa = PBXBuildFile; fileRef = D67AF0F31EF96EE3006B67BF /* LaunchScreen.storyboard */; };
/* End PBXBuildFile section */

/* Begin PBXFileReference section */
		D67AF0E71EF96EE3006B67BF /* SetLocation.app */ = {isa = PBXFileReference; explicitFileType = wrapper.application; includeInIndex = 0; path = SetLocation.app; sourceTree = BUILT_PRODUCTS_DIR; };
		D67AF0EA1EF96EE3006B67BF /* AppDelegate.swift */ = {isa = PBXFileReference; lastKnownFileType = sourcecode.swift; path = AppDelegate.swift; sourceTree = "<group>"; };
		D67AF0EC1EF96EE3006B67BF /* ViewController.swift */ = {isa = PBXFileReference; lastKnownFileType = sourcecode.swift; path = ViewController.swift; sourceTree = "<group>"; };
		D67AF0EF1EF96EE3006B67BF /* Base */ = {isa = PBXFileReference; lastKnownFileType = file.storyboard; name = Base; path = Base.lproj/Main.storyboard; sourceTree = "<group>"; };
		D67AF0F11EF96EE3006B67BF /* Assets.xcassets */ = {isa = PBXFileReference; lastKnownFileType = folder.assetcatalog; path = Assets.xcassets; sourceTree = "<group>"; };
		D67AF0F41EF96EE3006B67BF /* Base */ = {isa = PBXFileReference; lastKnownFileType = file.storyboard; name = Base; path = Base.lproj/LaunchScreen.storyboard; sourceTree = "<group>"; };
		D67AF0F61EF96EE3006B67BF /* Info.plist */ = {isa = PBXFileReference; lastKnownFileType = text.plist.xml; path = Info.plist; sourceTree = "<group>"; };
/* End PBXFileReference section */

/* Begin PBXFrameworksBuildPhase section */
		D67AF0E41EF96EE3006B67BF /* Frameworks */ = {
			isa = PBXFrameworksBuildPhase;
			buildActionMask = 2147483647;
			files = (
			);
			runOnlyForDeploymentPostprocessing = 0;
		};
/* End PBXFrameworksBuildPhase section */

/* Begin PBXGroup section */
		D67AF0DE1EF96EE3006B67BF = {
			isa = PBXGroup;
			children = (
				D67AF0E91EF96EE3006B67BF /* SetLocation */,
				D67AF0E81EF96EE3006B67BF /* Products */,
			);
			sourceTree = "<group>";
		};
		D67AF0E81EF96EE3006B67BF /* Products */ = {
			isa = PBXGroup;
			children = (
				D67AF0E71EF96EE3006B67BF /* SetLocation.app */,
			);
			name = Products;
			sourceTree = "<group>";
		};
		D67AF0E91EF96EE3006B67BF /* SetLocation */ = {
			isa = PBXGroup;
			children = (
				D67AF0EA1EF96EE3006B67BF /* AppDelegate.swift */,
				D67AF0EC1EF96EE3006B67BF /* ViewController.swift */,
				D67AF0EE1EF96EE3006B67BF /* Main.storyboard */,
				D67AF0F11EF96EE3006B67BF /* Assets.xcassets */,
				D67AF0F31EF96EE3006B67BF /* LaunchScreen.storyboard */,
				D67AF0F61EF96EE3006B67BF /* Info.plist */,
			);
			path = SetLocation;
			sourceTree = "<group>";
		};
/* End PBXGroup section */

/* Begin PBXNativeTarget section */
		D67AF0E61EF96EE3006B67BF /* SetLocation */ = {
			isa = PBXNativeTarget;
			buildConfigurationList = D67AF0F91EF96EE3006B67BF /* Build configuration list for PBXNativeTarget "SetLocation" */;
			buildPhases = (
				D67AF0E31EF96EE3006B67BF /* Sources */,
				D67AF0E41EF96EE3006B67BF /* Frameworks */,
				D67AF0E51EF96EE3006B67BF /* Resources */,
			);
			buildRules = (
			);
			dependencies = (
			);
			name = SetLocation;
			productName = SetLocation;
			productReference = D67AF0E71EF96EE3006B67BF /* SetLocation.app */;
			productType = "com.apple.product-type.application";
		};
/* End PBXNativeTarget section */

/* Begin PBXProject section */
		D67AF0DF1EF96EE3006B67BF /* Project object */ = {
			isa = PBXProject;
			attributes = {
				LastSwiftUpdateCheck = 0830;
				LastUpgradeCheck = 0830;
				ORGANIZATIONNAME = "Ben Whitley";
				TargetAttributes = {
					D67AF0E61EF96EE3006B67BF = {
						CreatedOnToolsVersion = 8.3.3;
						DevelopmentTeam = 5A27VZVWQE;
						ProvisioningStyle = Automatic;
					};
				};
			};
			buildConfigurationList = D67AF0E21EF96EE3006B67BF /* Build configuration list for PBXProject "SetLocation" */;
			compatibilityVersion = "Xcode 3.2";
			developmentRegion = English;
			hasScannedForEncodings = 0;
			knownRegions = (
				en,
				Base,
			);
			mainGroup = D67AF0DE1EF96EE3006B67BF;
			productRefGroup = D67AF0E81EF96EE3006B67BF /* Products */;
			projectDirPath = "";
			projectRoot = "";
			targets = (
				D67AF0E61EF96EE3006B67BF /* SetLocation */,
			);
		};
/* End PBXProject section */

/* Begin PBXResourcesBuildPhase section */
		D67AF0E51EF96EE3006B67BF /* Resources */ = {
			isa = PBXResourcesBuildPhase;
			buildActionMask = 2147483647;
			files = (
				D67AF0F51EF96EE3006B67BF /* LaunchScreen.storyboard in Resources */,
				D67AF0F21EF96EE3006B67BF /* Assets.xcassets in Resources */,
				D67AF0F01EF96EE3006B67BF /* Main.storyboard in Resources */,
			);
			runOnlyForDeploymentPostprocessing = 0;
		};
/* End PBXResourcesBuildPhase section */

/* Begin PBXSourcesBuildPhase section */
		D67AF0E31EF96EE3006B67BF /* Sources */ = {
			isa = PBXSourcesBuildPhase;
			buildActionMask = 2147483647;
			files = (
				D67AF0ED1EF96EE3006B67BF /* ViewController.swift in Sources */,
				D67AF0EB1EF96EE3006B67BF /* AppDelegate.swift in Sources */,
			);
			runOnlyForDeploymentPostprocessing = 0;
		};
/* End PBXSourcesBuildPhase section */

/* Begin PBXVariantGroup section */
		D67AF0EE1EF96EE3006B67BF /* Main.storyboard */ = {
			isa = PBXVariantGroup;
			children = (
				D67AF0EF1EF96EE3006B67BF /* Base */,
			);
			name = Main.storyboard;
			sourceTree = "<group>";
		};
		D67AF0F31EF96EE3006B67BF /* LaunchScreen.storyboard */ = {
			isa = PBXVariantGroup;
			children = (
				D67AF0F41EF96EE3006B67BF /* Base */,
			);
			name = LaunchScreen.storyboard;
			sourceTree = "<group>";
		};
/* End PBXVariantGroup section */

/* Begin XCBuildConfiguration section */
		D67AF0F71EF96EE3006B67BF /* Debug */ = {
			isa = XCBuildConfiguration;
			buildSettings = {
				ALWAYS_SEARCH_USER_PATHS = NO;
				CLANG_ANALYZER_NONNULL = YES;
				CLANG_ANALYZER_NUMBER_OBJECT_CONVERSION = YES_AGGRESSIVE;
				CLANG_CXX_LANGUAGE_STANDARD = "gnu++0x";
				CLANG_CXX_LIBRARY = "libc++";
				CLANG_ENABLE_MODULES = YES;
				CLANG_ENABLE_OBJC_ARC = YES;
				CLANG_WARN_BOOL_CONVERSION = YES;
				CLANG_WARN_CONSTANT_CONVERSION = YES;
				CLANG_WARN_DIRECT_OBJC_ISA_USAGE = YES_ERROR;
				CLANG_WARN_DOCUMENTATION_COMMENTS = YES;
				CLANG_WARN_EMPTY_BODY = YES;
				CLANG_WARN_ENUM_CONVERSION = YES;
				CLANG_WARN_INFINITE_RECURSION = YES;
				CLANG_WARN_INT_CONVERSION = YES;
				CLANG_WARN_OBJC_ROOT_CLASS = YES_ERROR;
				CLANG_WARN_SUSPICIOUS_MOVE = YES;
				CLANG_WARN_UNREACHABLE_CODE = YES;
				CLANG_WARN__DUPLICATE_METHOD_MATCH = YES;
				"CODE_SIGN_IDENTITY[sdk=iphoneos*]" = "iPhone Developer";
				COPY_PHASE_STRIP = NO;
				DEBUG_INFORMATION_FORMAT = dwarf;
				ENABLE_STRICT_OBJC_MSGSEND = YES;
				ENABLE_TESTABILITY = YES;
				GCC_C_LANGUAGE_STANDARD = gnu99;
				GCC_DYNAMIC_NO_PIC = NO;
				GCC_NO_COMMON_BLOCKS = YES;
				GCC_OPTIMIZATION_LEVEL = 0;
				GCC_PREPROCESSOR_DEFINITIONS = (
					"DEBUG=1",
					"$(inherited)",
				);
				GCC_WARN_64_TO_32_BIT_CONVERSION = YES;
				GCC_WARN_ABOUT_RETURN_TYPE = YES_ERROR;
				GCC_WARN_UNDECLARED_SELECTOR = YES;
				GCC_WARN_UNINITIALIZED_AUTOS = YES_AGGRESSIVE;
				GCC_WARN_UNUSED_FUNCTION = YES;
				GCC_WARN_UNUSED_VARIABLE = YES;
				IPHONEOS_DEPLOYMENT_TARGET = 10.3;
				MTL_ENABLE_DEBUG_INFO = YES;
				ONLY_ACTIVE_ARCH = YES;
				SDKROOT = iphoneos;
				SWIFT_ACTIVE_COMPILATION_CONDITIONS = DEBUG;
				SWIFT_OPTIMIZATION_LEVEL = "-Onone";
				TARGETED_DEVICE_FAMILY = "1,2";
			};
			name = Debug;
		};
		D67AF0F81EF96EE3006B67BF /* Release */ = {
			isa = XCBuildConfiguration;
			buildSettings = {
				ALWAYS_SEARCH_USER_PATHS = NO;
				CLANG_ANALYZER_NONNULL = YES;
				CLANG_ANALYZER_NUMBER_OBJECT_CONVERSION = YES_AGGRESSIVE;
				CLANG_CXX_LANGUAGE_STANDARD = "gnu++0x";
				CLANG_CXX_LIBRARY = "libc++";
				CLANG_ENABLE_MODULES = YES;
				CLANG_ENABLE_OBJC_ARC = YES;
				CLANG_WARN_BOOL_CONVERSION = YES;
				CLANG_WARN_CONSTANT_CONVERSION = YES;
				CLANG_WARN_DIRECT_OBJC_ISA_USAGE = YES_ERROR;
				CLANG_WARN_DOCUMENTATION_COMMENTS = YES;
				CLANG_WARN_EMPTY_BODY = YES;
				CLANG_WARN_ENUM_CONVERSION = YES;
				CLANG_WARN_INFINITE_RECURSION = YES;
				CLANG_WARN_INT_CONVERSION = YES;
				CLANG_WARN_OBJC_ROOT_CLASS = YES_ERROR;
				CLANG_WARN_SUSPICIOUS_MOVE = YES;
				CLANG_WARN_UNREACHABLE_CODE = YES;
				CLANG_WARN__DUPLICATE_METHOD_MATCH = YES;
				"CODE_SIGN_IDENTITY[sdk=iphoneos*]" = "iPhone Developer";
				COPY_PHASE_STRIP = NO;
				DEBUG_INFORMATION_FORMAT = "dwarf-with-dsym";
				ENABLE_NS_ASSERTIONS = NO;
				ENABLE_STRICT_OBJC_MSGSEND = YES;
				GCC_C_LANGUAGE_STANDARD = gnu99;
				GCC_NO_COMMON_BLOCKS = YES;
				GCC_WARN_64_TO_32_BIT_CONVERSION = YES;
				GCC_WARN_ABOUT_RETURN_TYPE = YES_ERROR;
				GCC_WARN_UNDECLARED_SELECTOR = YES;
				GCC_WARN_UNINITIALIZED_AUTOS = YES_AGGRESSIVE;
				GCC_WARN_UNUSED_FUNCTION = YES;
				GCC_WARN_UNUSED_VARIABLE = YES;
				IPHONEOS_DEPLOYMENT_TARGET = 10.3;
				MTL_ENABLE_DEBUG_INFO = NO;
				SDKROOT = iphoneos;
				SWIFT_OPTIMIZATION_LEVEL = "-Owholemodule";
				TARGETED_DEVICE_FAMILY = "1,2";
				VALIDATE_PRODUCT = YES;
			};
			name = Release;
		};
		D67AF0FA1EF96EE3006B67BF /* Debug */ = {
			isa = XCBuildConfiguration;
			buildSettings = {
				ASSETCATALOG_COMPILER_APPICON_NAME = AppIcon;
				DEVELOPMENT_TEAM = 5A27VZVWQE;
				INFOPLIST_FILE = SetLocation/Info.plist;
				LD_RUNPATH_SEARCH_PATHS = "$(inherited) @executable_path/Frameworks";
				PRODUCT_BUNDLE_IDENTIFIER = "Ben-Whitley.SetLocation";
				PRODUCT_NAME = "$(TARGET_NAME)";
				SWIFT_VERSION = 3.0;
			};
			name = Debug;
		};
		D67AF0FB1EF96EE3006B67BF /* Release */ = {
			isa = XCBuildConfiguration;
			buildSettings = {
				ASSETCATALOG_COMPILER_APPICON_NAME = AppIcon;
				DEVELOPMENT_TEAM = 5A27VZVWQE;
				INFOPLIST_FILE = SetLocation/Info.plist;
				LD_RUNPATH_SEARCH_PATHS = "$(inherited) @executable_path/Frameworks";
				PRODUCT_BUNDLE_IDENTIFIER = "Ben-Whitley.SetLocation";
				PRODUCT_NAME = "$(TARGET_NAME)";
				SWIFT_VERSION = 3.0;
			};
			name = Release;
		};
/* End XCBuildConfiguration section */

/* Begin XCConfigurationList section */
		D67AF0E21EF96EE3006B67BF /* Build configuration list for PBXProject "SetLocation" */ = {
			isa = XCConfigurationList;
			buildConfigurations = (
				D67AF0F71EF96EE3006B67BF /* Debug */,
				D67AF0F81EF96EE3006B67BF /* Release */,
			);
			defaultConfigurationIsVisible = 0;
			defaultConfigurationName = Release;
		};
		D67AF0F91EF96EE3006B67BF /* Build configuration list for PBXNativeTarget "SetLocation" */ = {
			isa = XCConfigurationList;
			buildConfigurations = (
				D67AF0FA1EF96EE3006B67BF /* Debug */,
				D67AF0FB1EF96EE3006B67BF /* Release */,
			);
			defaultConfigurationIsVisible = 0;
		};
/* End XCConfigurationList section */
	};
	rootObject = D67AF0DF1EF96EE3006B67BF /* Project object */;
}
