// !$*UTF8*$!
{
	archiveVersion = 1;
	classes = {
	};
	objectVersion = 46;
	objects = {

/* Begin PBXBuildFile section */
		D616E5761F1D2C2D00BE4C25 /* PhotoDetailViewController.swift in Sources */ = {isa = PBXBuildFile; fileRef = D616E5751F1D2C2D00BE4C25 /* PhotoDetailViewController.swift */; };
		D616E5781F1D487800BE4C25 /* DataModel.swift in Sources */ = {isa = PBXBuildFile; fileRef = D616E5771F1D487800BE4C25 /* DataModel.swift */; };
		D616E57A1F1D4D2E00BE4C25 /* NavigationControllerDelegate.swift in Sources */ = {isa = PBXBuildFile; fileRef = D616E5791F1D4D2E00BE4C25 /* NavigationControllerDelegate.swift */; };
		D616E57C1F1D4E9000BE4C25 /* Transitions.swift in Sources */ = {isa = PBXBuildFile; fileRef = D616E57B1F1D4E9000BE4C25 /* Transitions.swift */; };
		D6315D7C1F1C1AD200E76712 /* AppDelegate.swift in Sources */ = {isa = PBXBuildFile; fileRef = D6315D7B1F1C1AD200E76712 /* AppDelegate.swift */; };
		D6315D7E1F1C1AD200E76712 /* PhotoCollectionViewController.swift in Sources */ = {isa = PBXBuildFile; fileRef = D6315D7D1F1C1AD200E76712 /* PhotoCollectionViewController.swift */; };
		D6315D811F1C1AD200E76712 /* Main.storyboard in Resources */ = {isa = PBXBuildFile; fileRef = D6315D7F1F1C1AD200E76712 /* Main.storyboard */; };
		D6315D831F1C1AD200E76712 /* Assets.xcassets in Resources */ = {isa = PBXBuildFile; fileRef = D6315D821F1C1AD200E76712 /* Assets.xcassets */; };
		D6315D861F1C1AD200E76712 /* LaunchScreen.storyboard in Resources */ = {isa = PBXBuildFile; fileRef = D6315D841F1C1AD200E76712 /* LaunchScreen.storyboard */; };
		D6315D8E1F1C1F7100E76712 /* PhotoCollectionViewCell.swift in Sources */ = {isa = PBXBuildFile; fileRef = D6315D8D1F1C1F7100E76712 /* PhotoCollectionViewCell.swift */; };
/* End PBXBuildFile section */

/* Begin PBXFileReference section */
		D616E5751F1D2C2D00BE4C25 /* PhotoDetailViewController.swift */ = {isa = PBXFileReference; fileEncoding = 4; lastKnownFileType = sourcecode.swift; path = PhotoDetailViewController.swift; sourceTree = "<group>"; };
		D616E5771F1D487800BE4C25 /* DataModel.swift */ = {isa = PBXFileReference; fileEncoding = 4; lastKnownFileType = sourcecode.swift; name = DataModel.swift; path = ImageTransitions/DataModel.swift; sourceTree = "<group>"; };
		D616E5791F1D4D2E00BE4C25 /* NavigationControllerDelegate.swift */ = {isa = PBXFileReference; fileEncoding = 4; lastKnownFileType = sourcecode.swift; path = NavigationControllerDelegate.swift; sourceTree = "<group>"; };
		D616E57B1F1D4E9000BE4C25 /* Transitions.swift */ = {isa = PBXFileReference; fileEncoding = 4; lastKnownFileType = sourcecode.swift; path = Transitions.swift; sourceTree = "<group>"; };
		D6315D781F1C1AD200E76712 /* ImageTransitions.app */ = {isa = PBXFileReference; explicitFileType = wrapper.application; includeInIndex = 0; path = ImageTransitions.app; sourceTree = BUILT_PRODUCTS_DIR; };
		D6315D7B1F1C1AD200E76712 /* AppDelegate.swift */ = {isa = PBXFileReference; lastKnownFileType = sourcecode.swift; path = AppDelegate.swift; sourceTree = "<group>"; };
		D6315D7D1F1C1AD200E76712 /* PhotoCollectionViewController.swift */ = {isa = PBXFileReference; lastKnownFileType = sourcecode.swift; path = PhotoCollectionViewController.swift; sourceTree = "<group>"; };
		D6315D801F1C1AD200E76712 /* Base */ = {isa = PBXFileReference; lastKnownFileType = file.storyboard; name = Base; path = Base.lproj/Main.storyboard; sourceTree = "<group>"; };
		D6315D821F1C1AD200E76712 /* Assets.xcassets */ = {isa = PBXFileReference; lastKnownFileType = folder.assetcatalog; path = Assets.xcassets; sourceTree = "<group>"; };
		D6315D851F1C1AD200E76712 /* Base */ = {isa = PBXFileReference; lastKnownFileType = file.storyboard; name = Base; path = Base.lproj/LaunchScreen.storyboard; sourceTree = "<group>"; };
		D6315D871F1C1AD200E76712 /* Info.plist */ = {isa = PBXFileReference; lastKnownFileType = text.plist.xml; path = Info.plist; sourceTree = "<group>"; };
		D6315D8D1F1C1F7100E76712 /* PhotoCollectionViewCell.swift */ = {isa = PBXFileReference; fileEncoding = 4; lastKnownFileType = sourcecode.swift; path = PhotoCollectionViewCell.swift; sourceTree = "<group>"; };
/* End PBXFileReference section */

/* Begin PBXFrameworksBuildPhase section */
		D6315D751F1C1AD200E76712 /* Frameworks */ = {
			isa = PBXFrameworksBuildPhase;
			buildActionMask = 2147483647;
			files = (
			);
			runOnlyForDeploymentPostprocessing = 0;
		};
/* End PBXFrameworksBuildPhase section */

/* Begin PBXGroup section */
		D6315D6F1F1C1AD200E76712 = {
			isa = PBXGroup;
			children = (
				D616E5771F1D487800BE4C25 /* DataModel.swift */,
				D6315D7A1F1C1AD200E76712 /* ImageTransitions */,
				D6315D791F1C1AD200E76712 /* Products */,
			);
			sourceTree = "<group>";
		};
		D6315D791F1C1AD200E76712 /* Products */ = {
			isa = PBXGroup;
			children = (
				D6315D781F1C1AD200E76712 /* ImageTransitions.app */,
			);
			name = Products;
			sourceTree = "<group>";
		};
		D6315D7A1F1C1AD200E76712 /* ImageTransitions */ = {
			isa = PBXGroup;
			children = (
				D6315D7B1F1C1AD200E76712 /* AppDelegate.swift */,
				D6315D8D1F1C1F7100E76712 /* PhotoCollectionViewCell.swift */,
				D6315D7D1F1C1AD200E76712 /* PhotoCollectionViewController.swift */,
				D616E5791F1D4D2E00BE4C25 /* NavigationControllerDelegate.swift */,
				D616E57B1F1D4E9000BE4C25 /* Transitions.swift */,
				D616E5751F1D2C2D00BE4C25 /* PhotoDetailViewController.swift */,
				D6315D7F1F1C1AD200E76712 /* Main.storyboard */,
				D6315D821F1C1AD200E76712 /* Assets.xcassets */,
				D6315D841F1C1AD200E76712 /* LaunchScreen.storyboard */,
				D6315D871F1C1AD200E76712 /* Info.plist */,
			);
			path = ImageTransitions;
			sourceTree = "<group>";
		};
/* End PBXGroup section */

/* Begin PBXNativeTarget section */
		D6315D771F1C1AD200E76712 /* ImageTransitions */ = {
			isa = PBXNativeTarget;
			buildConfigurationList = D6315D8A1F1C1AD200E76712 /* Build configuration list for PBXNativeTarget "ImageTransitions" */;
			buildPhases = (
				D6315D741F1C1AD200E76712 /* Sources */,
				D6315D751F1C1AD200E76712 /* Frameworks */,
				D6315D761F1C1AD200E76712 /* Resources */,
			);
			buildRules = (
			);
			dependencies = (
			);
			name = ImageTransitions;
			productName = ImageTransitions;
			productReference = D6315D781F1C1AD200E76712 /* ImageTransitions.app */;
			productType = "com.apple.product-type.application";
		};
/* End PBXNativeTarget section */

/* Begin PBXProject section */
		D6315D701F1C1AD200E76712 /* Project object */ = {
			isa = PBXProject;
			attributes = {
				LastSwiftUpdateCheck = 0830;
				LastUpgradeCheck = 0830;
				ORGANIZATIONNAME = "Ben Whitley";
				TargetAttributes = {
					D6315D771F1C1AD200E76712 = {
						CreatedOnToolsVersion = 8.3.3;
						DevelopmentTeam = 5A27VZVWQE;
						ProvisioningStyle = Automatic;
					};
				};
			};
			buildConfigurationList = D6315D731F1C1AD200E76712 /* Build configuration list for PBXProject "ImageTransitions" */;
			compatibilityVersion = "Xcode 3.2";
			developmentRegion = English;
			hasScannedForEncodings = 0;
			knownRegions = (
				en,
				Base,
			);
			mainGroup = D6315D6F1F1C1AD200E76712;
			productRefGroup = D6315D791F1C1AD200E76712 /* Products */;
			projectDirPath = "";
			projectRoot = "";
			targets = (
				D6315D771F1C1AD200E76712 /* ImageTransitions */,
			);
		};
/* End PBXProject section */

/* Begin PBXResourcesBuildPhase section */
		D6315D761F1C1AD200E76712 /* Resources */ = {
			isa = PBXResourcesBuildPhase;
			buildActionMask = 2147483647;
			files = (
				D6315D861F1C1AD200E76712 /* LaunchScreen.storyboard in Resources */,
				D6315D831F1C1AD200E76712 /* Assets.xcassets in Resources */,
				D6315D811F1C1AD200E76712 /* Main.storyboard in Resources */,
			);
			runOnlyForDeploymentPostprocessing = 0;
		};
/* End PBXResourcesBuildPhase section */

/* Begin PBXSourcesBuildPhase section */
		D6315D741F1C1AD200E76712 /* Sources */ = {
			isa = PBXSourcesBuildPhase;
			buildActionMask = 2147483647;
			files = (
				D616E5781F1D487800BE4C25 /* DataModel.swift in Sources */,
				D6315D7E1F1C1AD200E76712 /* PhotoCollectionViewController.swift in Sources */,
				D6315D7C1F1C1AD200E76712 /* AppDelegate.swift in Sources */,
				D616E5761F1D2C2D00BE4C25 /* PhotoDetailViewController.swift in Sources */,
				D616E57C1F1D4E9000BE4C25 /* Transitions.swift in Sources */,
				D616E57A1F1D4D2E00BE4C25 /* NavigationControllerDelegate.swift in Sources */,
				D6315D8E1F1C1F7100E76712 /* PhotoCollectionViewCell.swift in Sources */,
			);
			runOnlyForDeploymentPostprocessing = 0;
		};
/* End PBXSourcesBuildPhase section */

/* Begin PBXVariantGroup section */
		D6315D7F1F1C1AD200E76712 /* Main.storyboard */ = {
			isa = PBXVariantGroup;
			children = (
				D6315D801F1C1AD200E76712 /* Base */,
			);
			name = Main.storyboard;
			sourceTree = "<group>";
		};
		D6315D841F1C1AD200E76712 /* LaunchScreen.storyboard */ = {
			isa = PBXVariantGroup;
			children = (
				D6315D851F1C1AD200E76712 /* Base */,
			);
			name = LaunchScreen.storyboard;
			sourceTree = "<group>";
		};
/* End PBXVariantGroup section */

/* Begin XCBuildConfiguration section */
		D6315D881F1C1AD200E76712 /* Debug */ = {
			isa = XCBuildConfiguration;
			buildSettings = {
				ALWAYS_SEARCH_USER_PATHS = NO;
				CLANG_ANALYZER_NONNULL = YES;
				CLANG_ANALYZER_NUMBER_OBJECT_CONVERSION = YES_AGGRESSIVE;
				CLANG_CXX_LANGUAGE_STANDARD = "gnu++0x";
				CLANG_CXX_LIBRARY = "libc++";
				CLANG_ENABLE_MODULES = YES;
				CLANG_ENABLE_OBJC_ARC = YES;
				CLANG_WARN_BOOL_CONVERSION = YES;
				CLANG_WARN_CONSTANT_CONVERSION = YES;
				CLANG_WARN_DIRECT_OBJC_ISA_USAGE = YES_ERROR;
				CLANG_WARN_DOCUMENTATION_COMMENTS = YES;
				CLANG_WARN_EMPTY_BODY = YES;
				CLANG_WARN_ENUM_CONVERSION = YES;
				CLANG_WARN_INFINITE_RECURSION = YES;
				CLANG_WARN_INT_CONVERSION = YES;
				CLANG_WARN_OBJC_ROOT_CLASS = YES_ERROR;
				CLANG_WARN_SUSPICIOUS_MOVE = YES;
				CLANG_WARN_UNREACHABLE_CODE = YES;
				CLANG_WARN__DUPLICATE_METHOD_MATCH = YES;
				"CODE_SIGN_IDENTITY[sdk=iphoneos*]" = "iPhone Developer";
				COPY_PHASE_STRIP = NO;
				DEBUG_INFORMATION_FORMAT = dwarf;
				ENABLE_STRICT_OBJC_MSGSEND = YES;
				ENABLE_TESTABILITY = YES;
				GCC_C_LANGUAGE_STANDARD = gnu99;
				GCC_DYNAMIC_NO_PIC = NO;
				GCC_NO_COMMON_BLOCKS = YES;
				GCC_OPTIMIZATION_LEVEL = 0;
				GCC_PREPROCESSOR_DEFINITIONS = (
					"DEBUG=1",
					"$(inherited)",
				);
				GCC_WARN_64_TO_32_BIT_CONVERSION = YES;
				GCC_WARN_ABOUT_RETURN_TYPE = YES_ERROR;
				GCC_WARN_UNDECLARED_SELECTOR = YES;
				GCC_WARN_UNINITIALIZED_AUTOS = YES_AGGRESSIVE;
				GCC_WARN_UNUSED_FUNCTION = YES;
				GCC_WARN_UNUSED_VARIABLE = YES;
				IPHONEOS_DEPLOYMENT_TARGET = 10.3;
				MTL_ENABLE_DEBUG_INFO = YES;
				ONLY_ACTIVE_ARCH = YES;
				SDKROOT = iphoneos;
				SWIFT_ACTIVE_COMPILATION_CONDITIONS = DEBUG;
				SWIFT_OPTIMIZATION_LEVEL = "-Onone";
				TARGETED_DEVICE_FAMILY = "1,2";
			};
			name = Debug;
		};
		D6315D891F1C1AD200E76712 /* Release */ = {
			isa = XCBuildConfiguration;
			buildSettings = {
				ALWAYS_SEARCH_USER_PATHS = NO;
				CLANG_ANALYZER_NONNULL = YES;
				CLANG_ANALYZER_NUMBER_OBJECT_CONVERSION = YES_AGGRESSIVE;
				CLANG_CXX_LANGUAGE_STANDARD = "gnu++0x";
				CLANG_CXX_LIBRARY = "libc++";
				CLANG_ENABLE_MODULES = YES;
				CLANG_ENABLE_OBJC_ARC = YES;
				CLANG_WARN_BOOL_CONVERSION = YES;
				CLANG_WARN_CONSTANT_CONVERSION = YES;
				CLANG_WARN_DIRECT_OBJC_ISA_USAGE = YES_ERROR;
				CLANG_WARN_DOCUMENTATION_COMMENTS = YES;
				CLANG_WARN_EMPTY_BODY = YES;
				CLANG_WARN_ENUM_CONVERSION = YES;
				CLANG_WARN_INFINITE_RECURSION = YES;
				CLANG_WARN_INT_CONVERSION = YES;
				CLANG_WARN_OBJC_ROOT_CLASS = YES_ERROR;
				CLANG_WARN_SUSPICIOUS_MOVE = YES;
				CLANG_WARN_UNREACHABLE_CODE = YES;
				CLANG_WARN__DUPLICATE_METHOD_MATCH = YES;
				"CODE_SIGN_IDENTITY[sdk=iphoneos*]" = "iPhone Developer";
				COPY_PHASE_STRIP = NO;
				DEBUG_INFORMATION_FORMAT = "dwarf-with-dsym";
				ENABLE_NS_ASSERTIONS = NO;
				ENABLE_STRICT_OBJC_MSGSEND = YES;
				GCC_C_LANGUAGE_STANDARD = gnu99;
				GCC_NO_COMMON_BLOCKS = YES;
				GCC_WARN_64_TO_32_BIT_CONVERSION = YES;
				GCC_WARN_ABOUT_RETURN_TYPE = YES_ERROR;
				GCC_WARN_UNDECLARED_SELECTOR = YES;
				GCC_WARN_UNINITIALIZED_AUTOS = YES_AGGRESSIVE;
				GCC_WARN_UNUSED_FUNCTION = YES;
				GCC_WARN_UNUSED_VARIABLE = YES;
				IPHONEOS_DEPLOYMENT_TARGET = 10.3;
				MTL_ENABLE_DEBUG_INFO = NO;
				SDKROOT = iphoneos;
				SWIFT_OPTIMIZATION_LEVEL = "-Owholemodule";
				TARGETED_DEVICE_FAMILY = "1,2";
				VALIDATE_PRODUCT = YES;
			};
			name = Release;
		};
		D6315D8B1F1C1AD200E76712 /* Debug */ = {
			isa = XCBuildConfiguration;
			buildSettings = {
				ASSETCATALOG_COMPILER_APPICON_NAME = AppIcon;
				DEVELOPMENT_TEAM = 5A27VZVWQE;
				INFOPLIST_FILE = ImageTransitions/Info.plist;
				LD_RUNPATH_SEARCH_PATHS = "$(inherited) @executable_path/Frameworks";
				PRODUCT_BUNDLE_IDENTIFIER = "Ben-Whitley.ImageTransitions";
				PRODUCT_NAME = "$(TARGET_NAME)";
				SWIFT_VERSION = 3.0;
			};
			name = Debug;
		};
		D6315D8C1F1C1AD200E76712 /* Release */ = {
			isa = XCBuildConfiguration;
			buildSettings = {
				ASSETCATALOG_COMPILER_APPICON_NAME = AppIcon;
				DEVELOPMENT_TEAM = 5A27VZVWQE;
				INFOPLIST_FILE = ImageTransitions/Info.plist;
				LD_RUNPATH_SEARCH_PATHS = "$(inherited) @executable_path/Frameworks";
				PRODUCT_BUNDLE_IDENTIFIER = "Ben-Whitley.ImageTransitions";
				PRODUCT_NAME = "$(TARGET_NAME)";
				SWIFT_VERSION = 3.0;
			};
			name = Release;
		};
/* End XCBuildConfiguration section */

/* Begin XCConfigurationList section */
		D6315D731F1C1AD200E76712 /* Build configuration list for PBXProject "ImageTransitions" */ = {
			isa = XCConfigurationList;
			buildConfigurations = (
				D6315D881F1C1AD200E76712 /* Debug */,
				D6315D891F1C1AD200E76712 /* Release */,
			);
			defaultConfigurationIsVisible = 0;
			defaultConfigurationName = Release;
		};
		D6315D8A1F1C1AD200E76712 /* Build configuration list for PBXNativeTarget "ImageTransitions" */ = {
			isa = XCConfigurationList;
			buildConfigurations = (
				D6315D8B1F1C1AD200E76712 /* Debug */,
				D6315D8C1F1C1AD200E76712 /* Release */,
			);
			defaultConfigurationIsVisible = 0;
			defaultConfigurationName = Release;
		};
/* End XCConfigurationList section */
	};
	rootObject = D6315D701F1C1AD200E76712 /* Project object */;
}
