// !$*UTF8*$!
{
	archiveVersion = 1;
	classes = {
	};
	objectVersion = 46;
	objects = {

/* Begin PBXBuildFile section */
		D61075021EFC229B008EAA88 /* TimelineViewController.Extensions.swift in Sources */ = {isa = PBXBuildFile; fileRef = D61075011EFC229B008EAA88 /* TimelineViewController.Extensions.swift */; };
		D67AF1271EF97909006B67BF /* AppDelegate.swift in Sources */ = {isa = PBXBuildFile; fileRef = D67AF1261EF97909006B67BF /* AppDelegate.swift */; };
		D67AF12C1EF97909006B67BF /* Main.storyboard in Resources */ = {isa = PBXBuildFile; fileRef = D67AF12A1EF97909006B67BF /* Main.storyboard */; };
		D67AF12F1EF97909006B67BF /* SaveDateLocationPhoto.xcdatamodeld in Sources */ = {isa = PBXBuildFile; fileRef = D67AF12D1EF97909006B67BF /* SaveDateLocationPhoto.xcdatamodeld */; };
		D67AF1311EF97909006B67BF /* Assets.xcassets in Resources */ = {isa = PBXBuildFile; fileRef = D67AF1301EF97909006B67BF /* Assets.xcassets */; };
		D67AF1341EF97909006B67BF /* LaunchScreen.storyboard in Resources */ = {isa = PBXBuildFile; fileRef = D67AF1321EF97909006B67BF /* LaunchScreen.storyboard */; };
		D67AF13C1EF97D96006B67BF /* EntryViewController.swift in Sources */ = {isa = PBXBuildFile; fileRef = D67AF13B1EF97D96006B67BF /* EntryViewController.swift */; };
		D67AF13E1EF9862D006B67BF /* EntryViewController.Extensions.swift in Sources */ = {isa = PBXBuildFile; fileRef = D67AF13D1EF9862D006B67BF /* EntryViewController.Extensions.swift */; };
		D6941A941EFACC2C003342EE /* TimelineViewController.swift in Sources */ = {isa = PBXBuildFile; fileRef = D6941A931EFACC2C003342EE /* TimelineViewController.swift */; };
		D6941A961EFACCBE003342EE /* TimelineTableViewCell.swift in Sources */ = {isa = PBXBuildFile; fileRef = D6941A951EFACCBE003342EE /* TimelineTableViewCell.swift */; };
		D6941A9D1EFACED7003342EE /* Entries+CoreDataClass.swift in Sources */ = {isa = PBXBuildFile; fileRef = D6941A9B1EFACED7003342EE /* Entries+CoreDataClass.swift */; };
		D6941A9E1EFACED7003342EE /* Entries+CoreDataProperties.swift in Sources */ = {isa = PBXBuildFile; fileRef = D6941A9C1EFACED7003342EE /* Entries+CoreDataProperties.swift */; };
/* End PBXBuildFile section */

/* Begin PBXFileReference section */
		D61075011EFC229B008EAA88 /* TimelineViewController.Extensions.swift */ = {isa = PBXFileReference; fileEncoding = 4; lastKnownFileType = sourcecode.swift; path = TimelineViewController.Extensions.swift; sourceTree = "<group>"; };
		D67AF1231EF97909006B67BF /* SaveDateLocationPhoto.app */ = {isa = PBXFileReference; explicitFileType = wrapper.application; includeInIndex = 0; path = SaveDateLocationPhoto.app; sourceTree = BUILT_PRODUCTS_DIR; };
		D67AF1261EF97909006B67BF /* AppDelegate.swift */ = {isa = PBXFileReference; lastKnownFileType = sourcecode.swift; path = AppDelegate.swift; sourceTree = "<group>"; };
		D67AF12B1EF97909006B67BF /* Base */ = {isa = PBXFileReference; lastKnownFileType = file.storyboard; name = Base; path = Base.lproj/Main.storyboard; sourceTree = "<group>"; };
		D67AF12E1EF97909006B67BF /* SaveDateLocationPhoto.xcdatamodel */ = {isa = PBXFileReference; lastKnownFileType = wrapper.xcdatamodel; path = SaveDateLocationPhoto.xcdatamodel; sourceTree = "<group>"; };
		D67AF1301EF97909006B67BF /* Assets.xcassets */ = {isa = PBXFileReference; lastKnownFileType = folder.assetcatalog; path = Assets.xcassets; sourceTree = "<group>"; };
		D67AF1331EF97909006B67BF /* Base */ = {isa = PBXFileReference; lastKnownFileType = file.storyboard; name = Base; path = Base.lproj/LaunchScreen.storyboard; sourceTree = "<group>"; };
		D67AF1351EF97909006B67BF /* Info.plist */ = {isa = PBXFileReference; lastKnownFileType = text.plist.xml; path = Info.plist; sourceTree = "<group>"; };
		D67AF13B1EF97D96006B67BF /* EntryViewController.swift */ = {isa = PBXFileReference; fileEncoding = 4; lastKnownFileType = sourcecode.swift; path = EntryViewController.swift; sourceTree = "<group>"; };
		D67AF13D1EF9862D006B67BF /* EntryViewController.Extensions.swift */ = {isa = PBXFileReference; fileEncoding = 4; lastKnownFileType = sourcecode.swift; path = EntryViewController.Extensions.swift; sourceTree = "<group>"; };
		D6941A931EFACC2C003342EE /* TimelineViewController.swift */ = {isa = PBXFileReference; fileEncoding = 4; lastKnownFileType = sourcecode.swift; path = TimelineViewController.swift; sourceTree = "<group>"; };
		D6941A951EFACCBE003342EE /* TimelineTableViewCell.swift */ = {isa = PBXFileReference; fileEncoding = 4; lastKnownFileType = sourcecode.swift; path = TimelineTableViewCell.swift; sourceTree = "<group>"; };
		D6941A9B1EFACED7003342EE /* Entries+CoreDataClass.swift */ = {isa = PBXFileReference; fileEncoding = 4; lastKnownFileType = sourcecode.swift; path = "Entries+CoreDataClass.swift"; sourceTree = "<group>"; };
		D6941A9C1EFACED7003342EE /* Entries+CoreDataProperties.swift */ = {isa = PBXFileReference; fileEncoding = 4; lastKnownFileType = sourcecode.swift; path = "Entries+CoreDataProperties.swift"; sourceTree = "<group>"; };
/* End PBXFileReference section */

/* Begin PBXFrameworksBuildPhase section */
		D67AF1201EF97909006B67BF /* Frameworks */ = {
			isa = PBXFrameworksBuildPhase;
			buildActionMask = 2147483647;
			files = (
			);
			runOnlyForDeploymentPostprocessing = 0;
		};
/* End PBXFrameworksBuildPhase section */

/* Begin PBXGroup section */
		D67AF11A1EF97909006B67BF = {
			isa = PBXGroup;
			children = (
				D67AF1251EF97909006B67BF /* SaveDateLocationPhoto */,
				D67AF1241EF97909006B67BF /* Products */,
			);
			sourceTree = "<group>";
		};
		D67AF1241EF97909006B67BF /* Products */ = {
			isa = PBXGroup;
			children = (
				D67AF1231EF97909006B67BF /* SaveDateLocationPhoto.app */,
			);
			name = Products;
			sourceTree = "<group>";
		};
		D67AF1251EF97909006B67BF /* SaveDateLocationPhoto */ = {
			isa = PBXGroup;
			children = (
				D67AF1261EF97909006B67BF /* AppDelegate.swift */,
				D6941AA01EFACEEA003342EE /* View Controllers */,
				D6941A9F1EFACEE1003342EE /* Model */,
				D6941AA11EFACF00003342EE /* View */,
				D6941AA21EFACF10003342EE /* Resources */,
			);
			path = SaveDateLocationPhoto;
			sourceTree = "<group>";
		};
		D6941A9F1EFACEE1003342EE /* Model */ = {
			isa = PBXGroup;
			children = (
				D6941A951EFACCBE003342EE /* TimelineTableViewCell.swift */,
				D6941A9B1EFACED7003342EE /* Entries+CoreDataClass.swift */,
				D6941A9C1EFACED7003342EE /* Entries+CoreDataProperties.swift */,
			);
			name = Model;
			sourceTree = "<group>";
		};
		D6941AA01EFACEEA003342EE /* View Controllers */ = {
			isa = PBXGroup;
			children = (
				D6941A931EFACC2C003342EE /* TimelineViewController.swift */,
				D61075011EFC229B008EAA88 /* TimelineViewController.Extensions.swift */,
				D67AF13B1EF97D96006B67BF /* EntryViewController.swift */,
				D67AF13D1EF9862D006B67BF /* EntryViewController.Extensions.swift */,
			);
			name = "View Controllers";
			sourceTree = "<group>";
		};
		D6941AA11EFACF00003342EE /* View */ = {
			isa = PBXGroup;
			children = (
				D67AF12A1EF97909006B67BF /* Main.storyboard */,
				D67AF1321EF97909006B67BF /* LaunchScreen.storyboard */,
			);
			name = View;
			sourceTree = "<group>";
		};
		D6941AA21EFACF10003342EE /* Resources */ = {
			isa = PBXGroup;
			children = (
				D67AF12D1EF97909006B67BF /* SaveDateLocationPhoto.xcdatamodeld */,
				D67AF1301EF97909006B67BF /* Assets.xcassets */,
				D67AF1351EF97909006B67BF /* Info.plist */,
			);
			name = Resources;
			sourceTree = "<group>";
		};
/* End PBXGroup section */

/* Begin PBXNativeTarget section */
		D67AF1221EF97909006B67BF /* SaveDateLocationPhoto */ = {
			isa = PBXNativeTarget;
			buildConfigurationList = D67AF1381EF97909006B67BF /* Build configuration list for PBXNativeTarget "SaveDateLocationPhoto" */;
			buildPhases = (
				D67AF11F1EF97909006B67BF /* Sources */,
				D67AF1201EF97909006B67BF /* Frameworks */,
				D67AF1211EF97909006B67BF /* Resources */,
			);
			buildRules = (
			);
			dependencies = (
			);
			name = SaveDateLocationPhoto;
			productName = SaveDateLocationPhoto;
			productReference = D67AF1231EF97909006B67BF /* SaveDateLocationPhoto.app */;
			productType = "com.apple.product-type.application";
		};
/* End PBXNativeTarget section */

/* Begin PBXProject section */
		D67AF11B1EF97909006B67BF /* Project object */ = {
			isa = PBXProject;
			attributes = {
				LastSwiftUpdateCheck = 0830;
				LastUpgradeCheck = 0830;
				ORGANIZATIONNAME = "Ben Whitley";
				TargetAttributes = {
					D67AF1221EF97909006B67BF = {
						CreatedOnToolsVersion = 8.3.3;
						DevelopmentTeam = 5A27VZVWQE;
						ProvisioningStyle = Automatic;
					};
				};
			};
			buildConfigurationList = D67AF11E1EF97909006B67BF /* Build configuration list for PBXProject "SaveDateLocationPhoto" */;
			compatibilityVersion = "Xcode 3.2";
			developmentRegion = English;
			hasScannedForEncodings = 0;
			knownRegions = (
				en,
				Base,
			);
			mainGroup = D67AF11A1EF97909006B67BF;
			productRefGroup = D67AF1241EF97909006B67BF /* Products */;
			projectDirPath = "";
			projectRoot = "";
			targets = (
				D67AF1221EF97909006B67BF /* SaveDateLocationPhoto */,
			);
		};
/* End PBXProject section */

/* Begin PBXResourcesBuildPhase section */
		D67AF1211EF97909006B67BF /* Resources */ = {
			isa = PBXResourcesBuildPhase;
			buildActionMask = 2147483647;
			files = (
				D67AF1341EF97909006B67BF /* LaunchScreen.storyboard in Resources */,
				D67AF1311EF97909006B67BF /* Assets.xcassets in Resources */,
				D67AF12C1EF97909006B67BF /* Main.storyboard in Resources */,
			);
			runOnlyForDeploymentPostprocessing = 0;
		};
/* End PBXResourcesBuildPhase section */

/* Begin PBXSourcesBuildPhase section */
		D67AF11F1EF97909006B67BF /* Sources */ = {
			isa = PBXSourcesBuildPhase;
			buildActionMask = 2147483647;
			files = (
				D61075021EFC229B008EAA88 /* TimelineViewController.Extensions.swift in Sources */,
				D6941A9E1EFACED7003342EE /* Entries+CoreDataProperties.swift in Sources */,
				D67AF13C1EF97D96006B67BF /* EntryViewController.swift in Sources */,
				D67AF12F1EF97909006B67BF /* SaveDateLocationPhoto.xcdatamodeld in Sources */,
				D67AF1271EF97909006B67BF /* AppDelegate.swift in Sources */,
				D67AF13E1EF9862D006B67BF /* EntryViewController.Extensions.swift in Sources */,
				D6941A961EFACCBE003342EE /* TimelineTableViewCell.swift in Sources */,
				D6941A9D1EFACED7003342EE /* Entries+CoreDataClass.swift in Sources */,
				D6941A941EFACC2C003342EE /* TimelineViewController.swift in Sources */,
			);
			runOnlyForDeploymentPostprocessing = 0;
		};
/* End PBXSourcesBuildPhase section */

/* Begin PBXVariantGroup section */
		D67AF12A1EF97909006B67BF /* Main.storyboard */ = {
			isa = PBXVariantGroup;
			children = (
				D67AF12B1EF97909006B67BF /* Base */,
			);
			name = Main.storyboard;
			sourceTree = "<group>";
		};
		D67AF1321EF97909006B67BF /* LaunchScreen.storyboard */ = {
			isa = PBXVariantGroup;
			children = (
				D67AF1331EF97909006B67BF /* Base */,
			);
			name = LaunchScreen.storyboard;
			sourceTree = "<group>";
		};
/* End PBXVariantGroup section */

/* Begin XCBuildConfiguration section */
		D67AF1361EF97909006B67BF /* Debug */ = {
			isa = XCBuildConfiguration;
			buildSettings = {
				ALWAYS_SEARCH_USER_PATHS = NO;
				CLANG_ANALYZER_NONNULL = YES;
				CLANG_ANALYZER_NUMBER_OBJECT_CONVERSION = YES_AGGRESSIVE;
				CLANG_CXX_LANGUAGE_STANDARD = "gnu++0x";
				CLANG_CXX_LIBRARY = "libc++";
				CLANG_ENABLE_MODULES = YES;
				CLANG_ENABLE_OBJC_ARC = YES;
				CLANG_WARN_BOOL_CONVERSION = YES;
				CLANG_WARN_CONSTANT_CONVERSION = YES;
				CLANG_WARN_DIRECT_OBJC_ISA_USAGE = YES_ERROR;
				CLANG_WARN_DOCUMENTATION_COMMENTS = YES;
				CLANG_WARN_EMPTY_BODY = YES;
				CLANG_WARN_ENUM_CONVERSION = YES;
				CLANG_WARN_INFINITE_RECURSION = YES;
				CLANG_WARN_INT_CONVERSION = YES;
				CLANG_WARN_OBJC_ROOT_CLASS = YES_ERROR;
				CLANG_WARN_SUSPICIOUS_MOVE = YES;
				CLANG_WARN_UNREACHABLE_CODE = YES;
				CLANG_WARN__DUPLICATE_METHOD_MATCH = YES;
				"CODE_SIGN_IDENTITY[sdk=iphoneos*]" = "iPhone Developer";
				COPY_PHASE_STRIP = NO;
				DEBUG_INFORMATION_FORMAT = dwarf;
				ENABLE_STRICT_OBJC_MSGSEND = YES;
				ENABLE_TESTABILITY = YES;
				GCC_C_LANGUAGE_STANDARD = gnu99;
				GCC_DYNAMIC_NO_PIC = NO;
				GCC_NO_COMMON_BLOCKS = YES;
				GCC_OPTIMIZATION_LEVEL = 0;
				GCC_PREPROCESSOR_DEFINITIONS = (
					"DEBUG=1",
					"$(inherited)",
				);
				GCC_WARN_64_TO_32_BIT_CONVERSION = YES;
				GCC_WARN_ABOUT_RETURN_TYPE = YES_ERROR;
				GCC_WARN_UNDECLARED_SELECTOR = YES;
				GCC_WARN_UNINITIALIZED_AUTOS = YES_AGGRESSIVE;
				GCC_WARN_UNUSED_FUNCTION = YES;
				GCC_WARN_UNUSED_VARIABLE = YES;
				IPHONEOS_DEPLOYMENT_TARGET = 10.3;
				MTL_ENABLE_DEBUG_INFO = YES;
				ONLY_ACTIVE_ARCH = YES;
				SDKROOT = iphoneos;
				SWIFT_ACTIVE_COMPILATION_CONDITIONS = DEBUG;
				SWIFT_OPTIMIZATION_LEVEL = "-Onone";
				TARGETED_DEVICE_FAMILY = "1,2";
			};
			name = Debug;
		};
		D67AF1371EF97909006B67BF /* Release */ = {
			isa = XCBuildConfiguration;
			buildSettings = {
				ALWAYS_SEARCH_USER_PATHS = NO;
				CLANG_ANALYZER_NONNULL = YES;
				CLANG_ANALYZER_NUMBER_OBJECT_CONVERSION = YES_AGGRESSIVE;
				CLANG_CXX_LANGUAGE_STANDARD = "gnu++0x";
				CLANG_CXX_LIBRARY = "libc++";
				CLANG_ENABLE_MODULES = YES;
				CLANG_ENABLE_OBJC_ARC = YES;
				CLANG_WARN_BOOL_CONVERSION = YES;
				CLANG_WARN_CONSTANT_CONVERSION = YES;
				CLANG_WARN_DIRECT_OBJC_ISA_USAGE = YES_ERROR;
				CLANG_WARN_DOCUMENTATION_COMMENTS = YES;
				CLANG_WARN_EMPTY_BODY = YES;
				CLANG_WARN_ENUM_CONVERSION = YES;
				CLANG_WARN_INFINITE_RECURSION = YES;
				CLANG_WARN_INT_CONVERSION = YES;
				CLANG_WARN_OBJC_ROOT_CLASS = YES_ERROR;
				CLANG_WARN_SUSPICIOUS_MOVE = YES;
				CLANG_WARN_UNREACHABLE_CODE = YES;
				CLANG_WARN__DUPLICATE_METHOD_MATCH = YES;
				"CODE_SIGN_IDENTITY[sdk=iphoneos*]" = "iPhone Developer";
				COPY_PHASE_STRIP = NO;
				DEBUG_INFORMATION_FORMAT = "dwarf-with-dsym";
				ENABLE_NS_ASSERTIONS = NO;
				ENABLE_STRICT_OBJC_MSGSEND = YES;
				GCC_C_LANGUAGE_STANDARD = gnu99;
				GCC_NO_COMMON_BLOCKS = YES;
				GCC_WARN_64_TO_32_BIT_CONVERSION = YES;
				GCC_WARN_ABOUT_RETURN_TYPE = YES_ERROR;
				GCC_WARN_UNDECLARED_SELECTOR = YES;
				GCC_WARN_UNINITIALIZED_AUTOS = YES_AGGRESSIVE;
				GCC_WARN_UNUSED_FUNCTION = YES;
				GCC_WARN_UNUSED_VARIABLE = YES;
				IPHONEOS_DEPLOYMENT_TARGET = 10.3;
				MTL_ENABLE_DEBUG_INFO = NO;
				SDKROOT = iphoneos;
				SWIFT_OPTIMIZATION_LEVEL = "-Owholemodule";
				TARGETED_DEVICE_FAMILY = "1,2";
				VALIDATE_PRODUCT = YES;
			};
			name = Release;
		};
		D67AF1391EF97909006B67BF /* Debug */ = {
			isa = XCBuildConfiguration;
			buildSettings = {
				ASSETCATALOG_COMPILER_APPICON_NAME = AppIcon;
				DEVELOPMENT_TEAM = 5A27VZVWQE;
				INFOPLIST_FILE = SaveDateLocationPhoto/Info.plist;
				LD_RUNPATH_SEARCH_PATHS = "$(inherited) @executable_path/Frameworks";
				PRODUCT_BUNDLE_IDENTIFIER = "Ben-Whitley.SaveDateLocationPhoto";
				PRODUCT_NAME = "$(TARGET_NAME)";
				SWIFT_VERSION = 3.0;
			};
			name = Debug;
		};
		D67AF13A1EF97909006B67BF /* Release */ = {
			isa = XCBuildConfiguration;
			buildSettings = {
				ASSETCATALOG_COMPILER_APPICON_NAME = AppIcon;
				DEVELOPMENT_TEAM = 5A27VZVWQE;
				INFOPLIST_FILE = SaveDateLocationPhoto/Info.plist;
				LD_RUNPATH_SEARCH_PATHS = "$(inherited) @executable_path/Frameworks";
				PRODUCT_BUNDLE_IDENTIFIER = "Ben-Whitley.SaveDateLocationPhoto";
				PRODUCT_NAME = "$(TARGET_NAME)";
				SWIFT_VERSION = 3.0;
			};
			name = Release;
		};
/* End XCBuildConfiguration section */

/* Begin XCConfigurationList section */
		D67AF11E1EF97909006B67BF /* Build configuration list for PBXProject "SaveDateLocationPhoto" */ = {
			isa = XCConfigurationList;
			buildConfigurations = (
				D67AF1361EF97909006B67BF /* Debug */,
				D67AF1371EF97909006B67BF /* Release */,
			);
			defaultConfigurationIsVisible = 0;
			defaultConfigurationName = Release;
		};
		D67AF1381EF97909006B67BF /* Build configuration list for PBXNativeTarget "SaveDateLocationPhoto" */ = {
			isa = XCConfigurationList;
			buildConfigurations = (
				D67AF1391EF97909006B67BF /* Debug */,
				D67AF13A1EF97909006B67BF /* Release */,
			);
			defaultConfigurationIsVisible = 0;
			defaultConfigurationName = Release;
		};
/* End XCConfigurationList section */

/* Begin XCVersionGroup section */
		D67AF12D1EF97909006B67BF /* SaveDateLocationPhoto.xcdatamodeld */ = {
			isa = XCVersionGroup;
			children = (
				D67AF12E1EF97909006B67BF /* SaveDateLocationPhoto.xcdatamodel */,
			);
			currentVersion = D67AF12E1EF97909006B67BF /* SaveDateLocationPhoto.xcdatamodel */;
			path = SaveDateLocationPhoto.xcdatamodeld;
			sourceTree = "<group>";
			versionGroupType = wrapper.xcdatamodel;
		};
/* End XCVersionGroup section */
	};
	rootObject = D67AF11B1EF97909006B67BF /* Project object */;
}
